
Microsoft Visual Studio Solution File, Format Version 12.00
# Visual Studio Version 17
VisualStudioVersion = 17.6.33712.159
MinimumVisualStudioVersion = 10.0.40219.1
Project("{FAE04EC0-301F-11D3-BF4B-00C04F79EFBC}") = "Cart", "Cart.csproj", "{11B9CA33-09ED-4106-842F-61A34A91A72D}"
EndProject
Global
	GlobalSection(SolutionConfigurationPlatforms) = preSolution
		Debug|Any CPU = Debug|Any CPU
		Release|Any CPU = Release|Any CPU
	EndGlobalSection
	GlobalSection(ProjectConfigurationPlatforms) = postSolution
		{11B9CA33-09ED-4106-842F-61A34A91A72D}.Debug|Any CPU.ActiveCfg = Debug|Any CPU
		{11B9CA33-09ED-4106-842F-61A34A91A72D}.Debug|Any CPU.Build.0 = Debug|Any CPU
		{11B9CA33-09ED-4106-842F-61A34A91A72D}.Release|Any CPU.ActiveCfg = Release|Any CPU
		{11B9CA33-09ED-4106-842F-61A34A91A72D}.Release|Any CPU.Build.0 = Release|Any CPU
	EndGlobalSection
	GlobalSection(SolutionProperties) = preSolution
		HideSolutionNode = FALSE
	EndGlobalSection
	GlobalSection(ExtensibilityGlobals) = postSolution
		SolutionGuid = {C7F24C35-B03F-4D98-BD6B-35DC4E5D8A4F}
	EndGlobalSection
EndGlobal
